
Microsoft Visual Studio Solution File, Format Version 12.00
# Visual Studio Version 17
VisualStudioVersion = 17.11.35222.181
MinimumVisualStudioVersion = 10.0.40219.1
Project("{FAE04EC0-301F-11D3-BF4B-00C04F79EFBC}") = "ActualFinishedPokemon", "ActualFinishedPokemon\ActualFinishedPokemon.csproj", "{0408A1CB-D55D-4368-849D-51F955AEEEFD}"
EndProject
Global
	GlobalSection(SolutionConfigurationPlatforms) = preSolution
		Debug|Any CPU = Debug|Any CPU
		Release|Any CPU = Release|Any CPU
	EndGlobalSection
	GlobalSection(ProjectConfigurationPlatforms) = postSolution
		{0408A1CB-D55D-4368-849D-51F955AEEEFD}.Debug|Any CPU.ActiveCfg = Debug|Any CPU
		{0408A1CB-D55D-4368-849D-51F955AEEEFD}.Debug|Any CPU.Build.0 = Debug|Any CPU
		{0408A1CB-D55D-4368-849D-51F955AEEEFD}.Release|Any CPU.ActiveCfg = Release|Any CPU
		{0408A1CB-D55D-4368-849D-51F955AEEEFD}.Release|Any CPU.Build.0 = Release|Any CPU
	EndGlobalSection
	GlobalSection(SolutionProperties) = preSolution
		HideSolutionNode = FALSE
	EndGlobalSection
	GlobalSection(ExtensibilityGlobals) = postSolution
		SolutionGuid = {CC18F31B-0C0E-45F9-94B1-2FAEC5270DD2}
	EndGlobalSection
EndGlobal
